{
    "_meta": {
        "hash": {
            "sha256": "f7a4a6be71a4f1607e3186ca5d5f0fc0ebf58174899c147cccf8f7abc769f1ac"
        },
        "pipfile-spec": 6,
        "requires": {
            "python_version": "3.8"
        },
        "sources": [
            {
                "name": "pypi",
                "url": "https://pypi.python.org/simple",
                "verify_ssl": true
            }
        ]
    },
    "default": {
        "py4j": {
            "hashes": [
                "sha256:36ec57f43ff8ced260a18aa9a4e46c3500a730cac8860e259cbaa546c2b9db2f",
                "sha256:859ba728a7bb43e9c2bf058832759fb97a598bb28cc12f34f5fc4abdec08ede6"
            ],
            "version": "==0.10.9"
        },
        "pyspark": {
            "hashes": [
                "sha256:d4f2ced43394ad773f7b516a4bbcb5821a940462a17b1a25f175c83771b62ebc"
            ],
            "index": "pypi",
            "version": "==3.0.2"
        }
    },
    "develop": {}
}
